
Microsoft Visual Studio Solution File, Format Version 12.00
# Visual Studio Version 16
VisualStudioVersion = 16.0.28803.452
MinimumVisualStudioVersion = 10.0.40219.1
Project("{FAE04EC0-301F-11D3-BF4B-00C04F79EFBC}") = "VoiceModTest.Contracts", "VoiceModTest.Contracts\VoiceModTest.Contracts.csproj", "{84941B40-06A0-4845-9ADB-06BB172EC074}"
EndProject
Project("{FAE04EC0-301F-11D3-BF4B-00C04F79EFBC}") = "VoiceModTest.Host", "VoiceModTest.Host\VoiceModTest.Host.csproj", "{BA77AD01-F6B9-4828-82C6-FED59280D146}"
EndProject
Project("{FAE04EC0-301F-11D3-BF4B-00C04F79EFBC}") = "webapi", "webapi\webapi.csproj", "{0C0BFFFF-301D-4F71-86DB-A3E5B799C36D}"
EndProject
Global
	GlobalSection(SolutionConfigurationPlatforms) = preSolution
		Debug|Any CPU = Debug|Any CPU
		Release|Any CPU = Release|Any CPU
	EndGlobalSection
	GlobalSection(ProjectConfigurationPlatforms) = postSolution
		{84941B40-06A0-4845-9ADB-06BB172EC074}.Debug|Any CPU.ActiveCfg = Debug|Any CPU
		{84941B40-06A0-4845-9ADB-06BB172EC074}.Debug|Any CPU.Build.0 = Debug|Any CPU
		{84941B40-06A0-4845-9ADB-06BB172EC074}.Release|Any CPU.ActiveCfg = Release|Any CPU
		{84941B40-06A0-4845-9ADB-06BB172EC074}.Release|Any CPU.Build.0 = Release|Any CPU
		{BA77AD01-F6B9-4828-82C6-FED59280D146}.Debug|Any CPU.ActiveCfg = Debug|Any CPU
		{BA77AD01-F6B9-4828-82C6-FED59280D146}.Debug|Any CPU.Build.0 = Debug|Any CPU
		{BA77AD01-F6B9-4828-82C6-FED59280D146}.Release|Any CPU.ActiveCfg = Release|Any CPU
		{BA77AD01-F6B9-4828-82C6-FED59280D146}.Release|Any CPU.Build.0 = Release|Any CPU
		{0C0BFFFF-301D-4F71-86DB-A3E5B799C36D}.Debug|Any CPU.ActiveCfg = Debug|Any CPU
		{0C0BFFFF-301D-4F71-86DB-A3E5B799C36D}.Debug|Any CPU.Build.0 = Debug|Any CPU
		{0C0BFFFF-301D-4F71-86DB-A3E5B799C36D}.Release|Any CPU.ActiveCfg = Release|Any CPU
		{0C0BFFFF-301D-4F71-86DB-A3E5B799C36D}.Release|Any CPU.Build.0 = Release|Any CPU
	EndGlobalSection
	GlobalSection(SolutionProperties) = preSolution
		HideSolutionNode = FALSE
	EndGlobalSection
	GlobalSection(ExtensibilityGlobals) = postSolution
		SolutionGuid = {839624B4-EA48-4B6A-A645-2B310C0FEE7F}
	EndGlobalSection
EndGlobal
